# Generated by pub
# See http://pub.dartlang.org/doc/glossary.html#lockfile
packages:
  browser:
    description: browser
    source: hosted
    version: "0.10.0+2"
  entity_component:
    description:
      ref: null
      resolved-ref: "4f8b2fbfdef90db44138b80109eff2c3b0f32167"
      url: "git://github.com/boustrophedon/entity-component-dart.git"
    source: git
    version: "0.3.7"
