# Generated by pub
# See http://pub.dartlang.org/doc/glossary.html#lockfile
packages:
  browser:
    description: browser
    source: hosted
    version: "0.10.0+2"
  entity_component:
    description:
      ref: null
      resolved-ref: "7fe36afefd0c0394309492cbcc09ab2dc1387c64"
      url: "git://github.com/boustrophedon/entity-component-dart.git"
    source: git
    version: "0.3.0"
