# Generated by pub
# See http://pub.dartlang.org/doc/glossary.html#lockfile
packages:
  browser:
    description: browser
    source: hosted
    version: "0.10.0+2"
  entity_component:
    description:
      ref: null
      resolved-ref: "8a880ff0e9f0b6f1f76418272ed96137c6d890bf"
      url: "git://github.com/boustrophedon/entity-component-dart.git"
    source: git
    version: "0.1.0"
